// !$*UTF8*$!
{
	archiveVersion = 1;
	classes = {
	};
	objectVersion = 50;
	objects = {

/* Begin PBXBuildFile section */
		D0ED6827237CFCFF003486EE /* AppDelegate.swift in Sources */ = {isa = PBXBuildFile; fileRef = D0ED6826237CFCFF003486EE /* AppDelegate.swift */; };
		D0ED6829237CFCFF003486EE /* SceneDelegate.swift in Sources */ = {isa = PBXBuildFile; fileRef = D0ED6828237CFCFF003486EE /* SceneDelegate.swift */; };
		D0ED682B237CFCFF003486EE /* ViewController.swift in Sources */ = {isa = PBXBuildFile; fileRef = D0ED682A237CFCFF003486EE /* ViewController.swift */; };
		D0ED682E237CFCFF003486EE /* Main.storyboard in Resources */ = {isa = PBXBuildFile; fileRef = D0ED682C237CFCFF003486EE /* Main.storyboard */; };
		D0ED6830237CFD01003486EE /* Assets.xcassets in Resources */ = {isa = PBXBuildFile; fileRef = D0ED682F237CFD01003486EE /* Assets.xcassets */; };
		D0ED6833237CFD01003486EE /* LaunchScreen.storyboard in Resources */ = {isa = PBXBuildFile; fileRef = D0ED6831237CFD01003486EE /* LaunchScreen.storyboard */; };
		D0ED683E237CFD01003486EE /* simranjeetkaur_764937_gpaAppTests.swift in Sources */ = {isa = PBXBuildFile; fileRef = D0ED683D237CFD01003486EE /* simranjeetkaur_764937_gpaAppTests.swift */; };
		D0ED6849237CFD01003486EE /* simranjeetkaur_764937_gpaAppUITests.swift in Sources */ = {isa = PBXBuildFile; fileRef = D0ED6848237CFD01003486EE /* simranjeetkaur_764937_gpaAppUITests.swift */; };
		D0ED6857237D0001003486EE /* studentnametableTableViewController.swift in Sources */ = {isa = PBXBuildFile; fileRef = D0ED6856237D0001003486EE /* studentnametableTableViewController.swift */; };
/* End PBXBuildFile section */

/* Begin PBXContainerItemProxy section */
		D0ED683A237CFD01003486EE /* PBXContainerItemProxy */ = {
			isa = PBXContainerItemProxy;
			containerPortal = D0ED681B237CFCFE003486EE /* Project object */;
			proxyType = 1;
			remoteGlobalIDString = D0ED6822237CFCFF003486EE;
			remoteInfo = simranjeetkaur_764937_gpaApp;
		};
		D0ED6845237CFD01003486EE /* PBXContainerItemProxy */ = {
			isa = PBXContainerItemProxy;
			containerPortal = D0ED681B237CFCFE003486EE /* Project object */;
			proxyType = 1;
			remoteGlobalIDString = D0ED6822237CFCFF003486EE;
			remoteInfo = simranjeetkaur_764937_gpaApp;
		};
/* End PBXContainerItemProxy section */

/* Begin PBXFileReference section */
		D0ED6823237CFCFF003486EE /* simranjeetkaur_764937_gpaApp.app */ = {isa = PBXFileReference; explicitFileType = wrapper.application; includeInIndex = 0; path = simranjeetkaur_764937_gpaApp.app; sourceTree = BUILT_PRODUCTS_DIR; };
		D0ED6826237CFCFF003486EE /* AppDelegate.swift */ = {isa = PBXFileReference; lastKnownFileType = sourcecode.swift; path = AppDelegate.swift; sourceTree = "<group>"; };
		D0ED6828237CFCFF003486EE /* SceneDelegate.swift */ = {isa = PBXFileReference; lastKnownFileType = sourcecode.swift; path = SceneDelegate.swift; sourceTree = "<group>"; };
		D0ED682A237CFCFF003486EE /* ViewController.swift */ = {isa = PBXFileReference; lastKnownFileType = sourcecode.swift; path = ViewController.swift; sourceTree = "<group>"; };
		D0ED682D237CFCFF003486EE /* Base */ = {isa = PBXFileReference; lastKnownFileType = file.storyboard; name = Base; path = Base.lproj/Main.storyboard; sourceTree = "<group>"; };
		D0ED682F237CFD01003486EE /* Assets.xcassets */ = {isa = PBXFileReference; lastKnownFileType = folder.assetcatalog; path = Assets.xcassets; sourceTree = "<group>"; };
		D0ED6832237CFD01003486EE /* Base */ = {isa = PBXFileReference; lastKnownFileType = file.storyboard; name = Base; path = Base.lproj/LaunchScreen.storyboard; sourceTree = "<group>"; };
		D0ED6834237CFD01003486EE /* Info.plist */ = {isa = PBXFileReference; lastKnownFileType = text.plist.xml; path = Info.plist; sourceTree = "<group>"; };
		D0ED6839237CFD01003486EE /* simranjeetkaur_764937_gpaAppTests.xctest */ = {isa = PBXFileReference; explicitFileType = wrapper.cfbundle; includeInIndex = 0; path = simranjeetkaur_764937_gpaAppTests.xctest; sourceTree = BUILT_PRODUCTS_DIR; };
		D0ED683D237CFD01003486EE /* simranjeetkaur_764937_gpaAppTests.swift */ = {isa = PBXFileReference; lastKnownFileType = sourcecode.swift; path = simranjeetkaur_764937_gpaAppTests.swift; sourceTree = "<group>"; };
		D0ED683F237CFD01003486EE /* Info.plist */ = {isa = PBXFileReference; lastKnownFileType = text.plist.xml; path = Info.plist; sourceTree = "<group>"; };
		D0ED6844237CFD01003486EE /* simranjeetkaur_764937_gpaAppUITests.xctest */ = {isa = PBXFileReference; explicitFileType = wrapper.cfbundle; includeInIndex = 0; path = simranjeetkaur_764937_gpaAppUITests.xctest; sourceTree = BUILT_PRODUCTS_DIR; };
		D0ED6848237CFD01003486EE /* simranjeetkaur_764937_gpaAppUITests.swift */ = {isa = PBXFileReference; lastKnownFileType = sourcecode.swift; path = simranjeetkaur_764937_gpaAppUITests.swift; sourceTree = "<group>"; };
		D0ED684A237CFD01003486EE /* Info.plist */ = {isa = PBXFileReference; lastKnownFileType = text.plist.xml; path = Info.plist; sourceTree = "<group>"; };
		D0ED6856237D0001003486EE /* studentnametableTableViewController.swift */ = {isa = PBXFileReference; lastKnownFileType = sourcecode.swift; path = studentnametableTableViewController.swift; sourceTree = "<group>"; };
/* End PBXFileReference section */

/* Begin PBXFrameworksBuildPhase section */
		D0ED6820237CFCFF003486EE /* Frameworks */ = {
			isa = PBXFrameworksBuildPhase;
			buildActionMask = 2147483647;
			files = (
			);
			runOnlyForDeploymentPostprocessing = 0;
		};
		D0ED6836237CFD01003486EE /* Frameworks */ = {
			isa = PBXFrameworksBuildPhase;
			buildActionMask = 2147483647;
			files = (
			);
			runOnlyForDeploymentPostprocessing = 0;
		};
		D0ED6841237CFD01003486EE /* Frameworks */ = {
			isa = PBXFrameworksBuildPhase;
			buildActionMask = 2147483647;
			files = (
			);
			runOnlyForDeploymentPostprocessing = 0;
		};
/* End PBXFrameworksBuildPhase section */

/* Begin PBXGroup section */
		D0ED681A237CFCFE003486EE = {
			isa = PBXGroup;
			children = (
				D0ED6825237CFCFF003486EE /* simranjeetkaur_764937_gpaApp */,
				D0ED683C237CFD01003486EE /* simranjeetkaur_764937_gpaAppTests */,
				D0ED6847237CFD01003486EE /* simranjeetkaur_764937_gpaAppUITests */,
				D0ED6824237CFCFF003486EE /* Products */,
			);
			sourceTree = "<group>";
		};
		D0ED6824237CFCFF003486EE /* Products */ = {
			isa = PBXGroup;
			children = (
				D0ED6823237CFCFF003486EE /* simranjeetkaur_764937_gpaApp.app */,
				D0ED6839237CFD01003486EE /* simranjeetkaur_764937_gpaAppTests.xctest */,
				D0ED6844237CFD01003486EE /* simranjeetkaur_764937_gpaAppUITests.xctest */,
			);
			name = Products;
			sourceTree = "<group>";
		};
		D0ED6825237CFCFF003486EE /* simranjeetkaur_764937_gpaApp */ = {
			isa = PBXGroup;
			children = (
				D0ED6826237CFCFF003486EE /* AppDelegate.swift */,
				D0ED6828237CFCFF003486EE /* SceneDelegate.swift */,
				D0ED682A237CFCFF003486EE /* ViewController.swift */,
				D0ED682C237CFCFF003486EE /* Main.storyboard */,
				D0ED682F237CFD01003486EE /* Assets.xcassets */,
				D0ED6831237CFD01003486EE /* LaunchScreen.storyboard */,
				D0ED6834237CFD01003486EE /* Info.plist */,
				D0ED6856237D0001003486EE /* studentnametableTableViewController.swift */,
			);
			path = simranjeetkaur_764937_gpaApp;
			sourceTree = "<group>";
		};
		D0ED683C237CFD01003486EE /* simranjeetkaur_764937_gpaAppTests */ = {
			isa = PBXGroup;
			children = (
				D0ED683D237CFD01003486EE /* simranjeetkaur_764937_gpaAppTests.swift */,
				D0ED683F237CFD01003486EE /* Info.plist */,
			);
			path = simranjeetkaur_764937_gpaAppTests;
			sourceTree = "<group>";
		};
		D0ED6847237CFD01003486EE /* simranjeetkaur_764937_gpaAppUITests */ = {
			isa = PBXGroup;
			children = (
				D0ED6848237CFD01003486EE /* simranjeetkaur_764937_gpaAppUITests.swift */,
				D0ED684A237CFD01003486EE /* Info.plist */,
			);
			path = simranjeetkaur_764937_gpaAppUITests;
			sourceTree = "<group>";
		};
/* End PBXGroup section */

/* Begin PBXNativeTarget section */
		D0ED6822237CFCFF003486EE /* simranjeetkaur_764937_gpaApp */ = {
			isa = PBXNativeTarget;
			buildConfigurationList = D0ED684D237CFD01003486EE /* Build configuration list for PBXNativeTarget "simranjeetkaur_764937_gpaApp" */;
			buildPhases = (
				D0ED681F237CFCFF003486EE /* Sources */,
				D0ED6820237CFCFF003486EE /* Frameworks */,
				D0ED6821237CFCFF003486EE /* Resources */,
			);
			buildRules = (
			);
			dependencies = (
			);
			name = simranjeetkaur_764937_gpaApp;
			productName = simranjeetkaur_764937_gpaApp;
			productReference = D0ED6823237CFCFF003486EE /* simranjeetkaur_764937_gpaApp.app */;
			productType = "com.apple.product-type.application";
		};
		D0ED6838237CFD01003486EE /* simranjeetkaur_764937_gpaAppTests */ = {
			isa = PBXNativeTarget;
			buildConfigurationList = D0ED6850237CFD01003486EE /* Build configuration list for PBXNativeTarget "simranjeetkaur_764937_gpaAppTests" */;
			buildPhases = (
				D0ED6835237CFD01003486EE /* Sources */,
				D0ED6836237CFD01003486EE /* Frameworks */,
				D0ED6837237CFD01003486EE /* Resources */,
			);
			buildRules = (
			);
			dependencies = (
				D0ED683B237CFD01003486EE /* PBXTargetDependency */,
			);
			name = simranjeetkaur_764937_gpaAppTests;
			productName = simranjeetkaur_764937_gpaAppTests;
			productReference = D0ED6839237CFD01003486EE /* simranjeetkaur_764937_gpaAppTests.xctest */;
			productType = "com.apple.product-type.bundle.unit-test";
		};
		D0ED6843237CFD01003486EE /* simranjeetkaur_764937_gpaAppUITests */ = {
			isa = PBXNativeTarget;
			buildConfigurationList = D0ED6853237CFD01003486EE /* Build configuration list for PBXNativeTarget "simranjeetkaur_764937_gpaAppUITests" */;
			buildPhases = (
				D0ED6840237CFD01003486EE /* Sources */,
				D0ED6841237CFD01003486EE /* Frameworks */,
				D0ED6842237CFD01003486EE /* Resources */,
			);
			buildRules = (
			);
			dependencies = (
				D0ED6846237CFD01003486EE /* PBXTargetDependency */,
			);
			name = simranjeetkaur_764937_gpaAppUITests;
			productName = simranjeetkaur_764937_gpaAppUITests;
			productReference = D0ED6844237CFD01003486EE /* simranjeetkaur_764937_gpaAppUITests.xctest */;
			productType = "com.apple.product-type.bundle.ui-testing";
		};
/* End PBXNativeTarget section */

/* Begin PBXProject section */
		D0ED681B237CFCFE003486EE /* Project object */ = {
			isa = PBXProject;
			attributes = {
				LastSwiftUpdateCheck = 1120;
				LastUpgradeCheck = 1120;
				ORGANIZATIONNAME = "Simran Chakkal";
				TargetAttributes = {
					D0ED6822237CFCFF003486EE = {
						CreatedOnToolsVersion = 11.2;
					};
					D0ED6838237CFD01003486EE = {
						CreatedOnToolsVersion = 11.2;
						TestTargetID = D0ED6822237CFCFF003486EE;
					};
					D0ED6843237CFD01003486EE = {
						CreatedOnToolsVersion = 11.2;
						TestTargetID = D0ED6822237CFCFF003486EE;
					};
				};
			};
			buildConfigurationList = D0ED681E237CFCFE003486EE /* Build configuration list for PBXProject "simranjeetkaur_764937_gpaApp" */;
			compatibilityVersion = "Xcode 9.3";
			developmentRegion = en;
			hasScannedForEncodings = 0;
			knownRegions = (
				en,
				Base,
			);
			mainGroup = D0ED681A237CFCFE003486EE;
			productRefGroup = D0ED6824237CFCFF003486EE /* Products */;
			projectDirPath = "";
			projectRoot = "";
			targets = (
				D0ED6822237CFCFF003486EE /* simranjeetkaur_764937_gpaApp */,
				D0ED6838237CFD01003486EE /* simranjeetkaur_764937_gpaAppTests */,
				D0ED6843237CFD01003486EE /* simranjeetkaur_764937_gpaAppUITests */,
			);
		};
/* End PBXProject section */

/* Begin PBXResourcesBuildPhase section */
		D0ED6821237CFCFF003486EE /* Resources */ = {
			isa = PBXResourcesBuildPhase;
			buildActionMask = 2147483647;
			files = (
				D0ED6833237CFD01003486EE /* LaunchScreen.storyboard in Resources */,
				D0ED6830237CFD01003486EE /* Assets.xcassets in Resources */,
				D0ED682E237CFCFF003486EE /* Main.storyboard in Resources */,
			);
			runOnlyForDeploymentPostprocessing = 0;
		};
		D0ED6837237CFD01003486EE /* Resources */ = {
			isa = PBXResourcesBuildPhase;
			buildActionMask = 2147483647;
			files = (
			);
			runOnlyForDeploymentPostprocessing = 0;
		};
		D0ED6842237CFD01003486EE /* Resources */ = {
			isa = PBXResourcesBuildPhase;
			buildActionMask = 2147483647;
			files = (
			);
			runOnlyForDeploymentPostprocessing = 0;
		};
/* End PBXResourcesBuildPhase section */

/* Begin PBXSourcesBuildPhase section */
		D0ED681F237CFCFF003486EE /* Sources */ = {
			isa = PBXSourcesBuildPhase;
			buildActionMask = 2147483647;
			files = (
				D0ED682B237CFCFF003486EE /* ViewController.swift in Sources */,
				D0ED6827237CFCFF003486EE /* AppDelegate.swift in Sources */,
				D0ED6829237CFCFF003486EE /* SceneDelegate.swift in Sources */,
				D0ED6857237D0001003486EE /* studentnametableTableViewController.swift in Sources */,
			);
			runOnlyForDeploymentPostprocessing = 0;
		};
		D0ED6835237CFD01003486EE /* Sources */ = {
			isa = PBXSourcesBuildPhase;
			buildActionMask = 2147483647;
			files = (
				D0ED683E237CFD01003486EE /* simranjeetkaur_764937_gpaAppTests.swift in Sources */,
			);
			runOnlyForDeploymentPostprocessing = 0;
		};
		D0ED6840237CFD01003486EE /* Sources */ = {
			isa = PBXSourcesBuildPhase;
			buildActionMask = 2147483647;
			files = (
				D0ED6849237CFD01003486EE /* simranjeetkaur_764937_gpaAppUITests.swift in Sources */,
			);
			runOnlyForDeploymentPostprocessing = 0;
		};
/* End PBXSourcesBuildPhase section */

/* Begin PBXTargetDependency section */
		D0ED683B237CFD01003486EE /* PBXTargetDependency */ = {
			isa = PBXTargetDependency;
			target = D0ED6822237CFCFF003486EE /* simranjeetkaur_764937_gpaApp */;
			targetProxy = D0ED683A237CFD01003486EE /* PBXContainerItemProxy */;
		};
		D0ED6846237CFD01003486EE /* PBXTargetDependency */ = {
			isa = PBXTargetDependency;
			target = D0ED6822237CFCFF003486EE /* simranjeetkaur_764937_gpaApp */;
			targetProxy = D0ED6845237CFD01003486EE /* PBXContainerItemProxy */;
		};
/* End PBXTargetDependency section */

/* Begin PBXVariantGroup section */
		D0ED682C237CFCFF003486EE /* Main.storyboard */ = {
			isa = PBXVariantGroup;
			children = (
				D0ED682D237CFCFF003486EE /* Base */,
			);
			name = Main.storyboard;
			sourceTree = "<group>";
		};
		D0ED6831237CFD01003486EE /* LaunchScreen.storyboard */ = {
			isa = PBXVariantGroup;
			children = (
				D0ED6832237CFD01003486EE /* Base */,
			);
			name = LaunchScreen.storyboard;
			sourceTree = "<group>";
		};
/* End PBXVariantGroup section */

/* Begin XCBuildConfiguration section */
		D0ED684B237CFD01003486EE /* Debug */ = {
			isa = XCBuildConfiguration;
			buildSettings = {
				ALWAYS_SEARCH_USER_PATHS = NO;
				CLANG_ANALYZER_NONNULL = YES;
				CLANG_ANALYZER_NUMBER_OBJECT_CONVERSION = YES_AGGRESSIVE;
				CLANG_CXX_LANGUAGE_STANDARD = "gnu++14";
				CLANG_CXX_LIBRARY = "libc++";
				CLANG_ENABLE_MODULES = YES;
				CLANG_ENABLE_OBJC_ARC = YES;
				CLANG_ENABLE_OBJC_WEAK = YES;
				CLANG_WARN_BLOCK_CAPTURE_AUTORELEASING = YES;
				CLANG_WARN_BOOL_CONVERSION = YES;
				CLANG_WARN_COMMA = YES;
				CLANG_WARN_CONSTANT_CONVERSION = YES;
				CLANG_WARN_DEPRECATED_OBJC_IMPLEMENTATIONS = YES;
				CLANG_WARN_DIRECT_OBJC_ISA_USAGE = YES_ERROR;
				CLANG_WARN_DOCUMENTATION_COMMENTS = YES;
				CLANG_WARN_EMPTY_BODY = YES;
				CLANG_WARN_ENUM_CONVERSION = YES;
				CLANG_WARN_INFINITE_RECURSION = YES;
				CLANG_WARN_INT_CONVERSION = YES;
				CLANG_WARN_NON_LITERAL_NULL_CONVERSION = YES;
				CLANG_WARN_OBJC_IMPLICIT_RETAIN_SELF = YES;
				CLANG_WARN_OBJC_LITERAL_CONVERSION = YES;
				CLANG_WARN_OBJC_ROOT_CLASS = YES_ERROR;
				CLANG_WARN_RANGE_LOOP_ANALYSIS = YES;
				CLANG_WARN_STRICT_PROTOTYPES = YES;
				CLANG_WARN_SUSPICIOUS_MOVE = YES;
				CLANG_WARN_UNGUARDED_AVAILABILITY = YES_AGGRESSIVE;
				CLANG_WARN_UNREACHABLE_CODE = YES;
				CLANG_WARN__DUPLICATE_METHOD_MATCH = YES;
				COPY_PHASE_STRIP = NO;
				DEBUG_INFORMATION_FORMAT = dwarf;
				ENABLE_STRICT_OBJC_MSGSEND = YES;
				ENABLE_TESTABILITY = YES;
				GCC_C_LANGUAGE_STANDARD = gnu11;
				GCC_DYNAMIC_NO_PIC = NO;
				GCC_NO_COMMON_BLOCKS = YES;
				GCC_OPTIMIZATION_LEVEL = 0;
				GCC_PREPROCESSOR_DEFINITIONS = (
					"DEBUG=1",
					"$(inherited)",
				);
				GCC_WARN_64_TO_32_BIT_CONVERSION = YES;
				GCC_WARN_ABOUT_RETURN_TYPE = YES_ERROR;
				GCC_WARN_UNDECLARED_SELECTOR = YES;
				GCC_WARN_UNINITIALIZED_AUTOS = YES_AGGRESSIVE;
				GCC_WARN_UNUSED_FUNCTION = YES;
				GCC_WARN_UNUSED_VARIABLE = YES;
				IPHONEOS_DEPLOYMENT_TARGET = 13.2;
				MTL_ENABLE_DEBUG_INFO = INCLUDE_SOURCE;
				MTL_FAST_MATH = YES;
				ONLY_ACTIVE_ARCH = YES;
				SDKROOT = iphoneos;
				SWIFT_ACTIVE_COMPILATION_CONDITIONS = DEBUG;
				SWIFT_OPTIMIZATION_LEVEL = "-Onone";
			};
			name = Debug;
		};
		D0ED684C237CFD01003486EE /* Release */ = {
			isa = XCBuildConfiguration;
			buildSettings = {
				ALWAYS_SEARCH_USER_PATHS = NO;
				CLANG_ANALYZER_NONNULL = YES;
				CLANG_ANALYZER_NUMBER_OBJECT_CONVERSION = YES_AGGRESSIVE;
				CLANG_CXX_LANGUAGE_STANDARD = "gnu++14";
				CLANG_CXX_LIBRARY = "libc++";
				CLANG_ENABLE_MODULES = YES;
				CLANG_ENABLE_OBJC_ARC = YES;
				CLANG_ENABLE_OBJC_WEAK = YES;
				CLANG_WARN_BLOCK_CAPTURE_AUTORELEASING = YES;
				CLANG_WARN_BOOL_CONVERSION = YES;
				CLANG_WARN_COMMA = YES;
				CLANG_WARN_CONSTANT_CONVERSION = YES;
				CLANG_WARN_DEPRECATED_OBJC_IMPLEMENTATIONS = YES;
				CLANG_WARN_DIRECT_OBJC_ISA_USAGE = YES_ERROR;
				CLANG_WARN_DOCUMENTATION_COMMENTS = YES;
				CLANG_WARN_EMPTY_BODY = YES;
				CLANG_WARN_ENUM_CONVERSION = YES;
				CLANG_WARN_INFINITE_RECURSION = YES;
				CLANG_WARN_INT_CONVERSION = YES;
				CLANG_WARN_NON_LITERAL_NULL_CONVERSION = YES;
				CLANG_WARN_OBJC_IMPLICIT_RETAIN_SELF = YES;
				CLANG_WARN_OBJC_LITERAL_CONVERSION = YES;
				CLANG_WARN_OBJC_ROOT_CLASS = YES_ERROR;
				CLANG_WARN_RANGE_LOOP_ANALYSIS = YES;
				CLANG_WARN_STRICT_PROTOTYPES = YES;
				CLANG_WARN_SUSPICIOUS_MOVE = YES;
				CLANG_WARN_UNGUARDED_AVAILABILITY = YES_AGGRESSIVE;
				CLANG_WARN_UNREACHABLE_CODE = YES;
				CLANG_WARN__DUPLICATE_METHOD_MATCH = YES;
				COPY_PHASE_STRIP = NO;
				DEBUG_INFORMATION_FORMAT = "dwarf-with-dsym";
				ENABLE_NS_ASSERTIONS = NO;
				ENABLE_STRICT_OBJC_MSGSEND = YES;
				GCC_C_LANGUAGE_STANDARD = gnu11;
				GCC_NO_COMMON_BLOCKS = YES;
				GCC_WARN_64_TO_32_BIT_CONVERSION = YES;
				GCC_WARN_ABOUT_RETURN_TYPE = YES_ERROR;
				GCC_WARN_UNDECLARED_SELECTOR = YES;
				GCC_WARN_UNINITIALIZED_AUTOS = YES_AGGRESSIVE;
				GCC_WARN_UNUSED_FUNCTION = YES;
				GCC_WARN_UNUSED_VARIABLE = YES;
				IPHONEOS_DEPLOYMENT_TARGET = 13.2;
				MTL_ENABLE_DEBUG_INFO = NO;
				MTL_FAST_MATH = YES;
				SDKROOT = iphoneos;
				SWIFT_COMPILATION_MODE = wholemodule;
				SWIFT_OPTIMIZATION_LEVEL = "-O";
				VALIDATE_PRODUCT = YES;
			};
			name = Release;
		};
		D0ED684E237CFD01003486EE /* Debug */ = {
			isa = XCBuildConfiguration;
			buildSettings = {
				ASSETCATALOG_COMPILER_APPICON_NAME = AppIcon;
				CODE_SIGN_STYLE = Automatic;
				DEVELOPMENT_TEAM = 86Q86F9H25;
				INFOPLIST_FILE = simranjeetkaur_764937_gpaApp/Info.plist;
				LD_RUNPATH_SEARCH_PATHS = (
					"$(inherited)",
					"@executable_path/Frameworks",
				);
				PRODUCT_BUNDLE_IDENTIFIER = "simran.simranjeetkaur-764937-gpaApp";
				PRODUCT_NAME = "$(TARGET_NAME)";
				SWIFT_VERSION = 5.0;
				TARGETED_DEVICE_FAMILY = "1,2";
			};
			name = Debug;
		};
		D0ED684F237CFD01003486EE /* Release */ = {
			isa = XCBuildConfiguration;
			buildSettings = {
				ASSETCATALOG_COMPILER_APPICON_NAME = AppIcon;
				CODE_SIGN_STYLE = Automatic;
				DEVELOPMENT_TEAM = 86Q86F9H25;
				INFOPLIST_FILE = simranjeetkaur_764937_gpaApp/Info.plist;
				LD_RUNPATH_SEARCH_PATHS = (
					"$(inherited)",
					"@executable_path/Frameworks",
				);
				PRODUCT_BUNDLE_IDENTIFIER = "simran.simranjeetkaur-764937-gpaApp";
				PRODUCT_NAME = "$(TARGET_NAME)";
				SWIFT_VERSION = 5.0;
				TARGETED_DEVICE_FAMILY = "1,2";
			};
			name = Release;
		};
		D0ED6851237CFD01003486EE /* Debug */ = {
			isa = XCBuildConfiguration;
			buildSettings = {
				ALWAYS_EMBED_SWIFT_STANDARD_LIBRARIES = YES;
				BUNDLE_LOADER = "$(TEST_HOST)";
				CODE_SIGN_STYLE = Automatic;
				DEVELOPMENT_TEAM = 86Q86F9H25;
				INFOPLIST_FILE = simranjeetkaur_764937_gpaAppTests/Info.plist;
				IPHONEOS_DEPLOYMENT_TARGET = 13.2;
				LD_RUNPATH_SEARCH_PATHS = (
					"$(inherited)",
					"@executable_path/Frameworks",
					"@loader_path/Frameworks",
				);
				PRODUCT_BUNDLE_IDENTIFIER = "simran.simranjeetkaur-764937-gpaAppTests";
				PRODUCT_NAME = "$(TARGET_NAME)";
				SWIFT_VERSION = 5.0;
				TARGETED_DEVICE_FAMILY = "1,2";
				TEST_HOST = "$(BUILT_PRODUCTS_DIR)/simranjeetkaur_764937_gpaApp.app/simranjeetkaur_764937_gpaApp";
			};
			name = Debug;
		};
		D0ED6852237CFD01003486EE /* Release */ = {
			isa = XCBuildConfiguration;
			buildSettings = {
				ALWAYS_EMBED_SWIFT_STANDARD_LIBRARIES = YES;
				BUNDLE_LOADER = "$(TEST_HOST)";
				CODE_SIGN_STYLE = Automatic;
				DEVELOPMENT_TEAM = 86Q86F9H25;
				INFOPLIST_FILE = simranjeetkaur_764937_gpaAppTests/Info.plist;
				IPHONEOS_DEPLOYMENT_TARGET = 13.2;
				LD_RUNPATH_SEARCH_PATHS = (
					"$(inherited)",
					"@executable_path/Frameworks",
					"@loader_path/Frameworks",
				);
				PRODUCT_BUNDLE_IDENTIFIER = "simran.simranjeetkaur-764937-gpaAppTests";
				PRODUCT_NAME = "$(TARGET_NAME)";
				SWIFT_VERSION = 5.0;
				TARGETED_DEVICE_FAMILY = "1,2";
				TEST_HOST = "$(BUILT_PRODUCTS_DIR)/simranjeetkaur_764937_gpaApp.app/simranjeetkaur_764937_gpaApp";
			};
			name = Release;
		};
		D0ED6854237CFD01003486EE /* Debug */ = {
			isa = XCBuildConfiguration;
			buildSettings = {
				ALWAYS_EMBED_SWIFT_STANDARD_LIBRARIES = YES;
				CODE_SIGN_STYLE = Automatic;
				DEVELOPMENT_TEAM = 86Q86F9H25;
				INFOPLIST_FILE = simranjeetkaur_764937_gpaAppUITests/Info.plist;
				LD_RUNPATH_SEARCH_PATHS = (
					"$(inherited)",
					"@executable_path/Frameworks",
					"@loader_path/Frameworks",
				);
				PRODUCT_BUNDLE_IDENTIFIER = "simran.simranjeetkaur-764937-gpaAppUITests";
				PRODUCT_NAME = "$(TARGET_NAME)";
				SWIFT_VERSION = 5.0;
				TARGETED_DEVICE_FAMILY = "1,2";
				TEST_TARGET_NAME = simranjeetkaur_764937_gpaApp;
			};
			name = Debug;
		};
		D0ED6855237CFD01003486EE /* Release */ = {
			isa = XCBuildConfiguration;
			buildSettings = {
				ALWAYS_EMBED_SWIFT_STANDARD_LIBRARIES = YES;
				CODE_SIGN_STYLE = Automatic;
				DEVELOPMENT_TEAM = 86Q86F9H25;
				INFOPLIST_FILE = simranjeetkaur_764937_gpaAppUITests/Info.plist;
				LD_RUNPATH_SEARCH_PATHS = (
					"$(inherited)",
					"@executable_path/Frameworks",
					"@loader_path/Frameworks",
				);
				PRODUCT_BUNDLE_IDENTIFIER = "simran.simranjeetkaur-764937-gpaAppUITests";
				PRODUCT_NAME = "$(TARGET_NAME)";
				SWIFT_VERSION = 5.0;
				TARGETED_DEVICE_FAMILY = "1,2";
				TEST_TARGET_NAME = simranjeetkaur_764937_gpaApp;
			};
			name = Release;
		};
/* End XCBuildConfiguration section */

/* Begin XCConfigurationList section */
		D0ED681E237CFCFE003486EE /* Build configuration list for PBXProject "simranjeetkaur_764937_gpaApp" */ = {
			isa = XCConfigurationList;
			buildConfigurations = (
				D0ED684B237CFD01003486EE /* Debug */,
				D0ED684C237CFD01003486EE /* Release */,
			);
			defaultConfigurationIsVisible = 0;
			defaultConfigurationName = Release;
		};
		D0ED684D237CFD01003486EE /* Build configuration list for PBXNativeTarget "simranjeetkaur_764937_gpaApp" */ = {
			isa = XCConfigurationList;
			buildConfigurations = (
				D0ED684E237CFD01003486EE /* Debug */,
				D0ED684F237CFD01003486EE /* Release */,
			);
			defaultConfigurationIsVisible = 0;
			defaultConfigurationName = Release;
		};
		D0ED6850237CFD01003486EE /* Build configuration list for PBXNativeTarget "simranjeetkaur_764937_gpaAppTests" */ = {
			isa = XCConfigurationList;
			buildConfigurations = (
				D0ED6851237CFD01003486EE /* Debug */,
				D0ED6852237CFD01003486EE /* Release */,
			);
			defaultConfigurationIsVisible = 0;
			defaultConfigurationName = Release;
		};
		D0ED6853237CFD01003486EE /* Build configuration list for PBXNativeTarget "simranjeetkaur_764937_gpaAppUITests" */ = {
			isa = XCConfigurationList;
			buildConfigurations = (
				D0ED6854237CFD01003486EE /* Debug */,
				D0ED6855237CFD01003486EE /* Release */,
			);
			defaultConfigurationIsVisible = 0;
			defaultConfigurationName = Release;
		};
/* End XCConfigurationList section */
	};
	rootObject = D0ED681B237CFCFE003486EE /* Project object */;
}
